
Microsoft Visual Studio Solution File, Format Version 12.00
# Visual Studio Version 16
VisualStudioVersion = 16.0.29911.84
MinimumVisualStudioVersion = 10.0.40219.1
Project("{FAE04EC0-301F-11D3-BF4B-00C04F79EFBC}") = "taskapp", "taskapp\taskapp.csproj", "{0F992DC0-B8F5-48DE-B489-BDF9EE8D28F5}"
EndProject
Global
	GlobalSection(SolutionConfigurationPlatforms) = preSolution
		Debug|Any CPU = Debug|Any CPU
		Release|Any CPU = Release|Any CPU
	EndGlobalSection
	GlobalSection(ProjectConfigurationPlatforms) = postSolution
		{0F992DC0-B8F5-48DE-B489-BDF9EE8D28F5}.Debug|Any CPU.ActiveCfg = Debug|Any CPU
		{0F992DC0-B8F5-48DE-B489-BDF9EE8D28F5}.Debug|Any CPU.Build.0 = Debug|Any CPU
		{0F992DC0-B8F5-48DE-B489-BDF9EE8D28F5}.Release|Any CPU.ActiveCfg = Release|Any CPU
		{0F992DC0-B8F5-48DE-B489-BDF9EE8D28F5}.Release|Any CPU.Build.0 = Release|Any CPU
	EndGlobalSection
	GlobalSection(SolutionProperties) = preSolution
		HideSolutionNode = FALSE
	EndGlobalSection
	GlobalSection(ExtensibilityGlobals) = postSolution
		SolutionGuid = {5A46D1F3-468A-4E9A-8CB4-74285EF893DD}
	EndGlobalSection
EndGlobal
